
Microsoft Visual Studio Solution File, Format Version 12.00
# Visual Studio Version 17
VisualStudioVersion = 17.9.34728.123
MinimumVisualStudioVersion = 10.0.40219.1
Project("{FAE04EC0-301F-11D3-BF4B-00C04F79EFBC}") = "High Priestess", "High Priestess\High Priestess.csproj", "{69BFB4F7-3036-4BB5-BF28-BF5BCE01937E}"
EndProject
Project("{2150E333-8FDC-42A3-9474-1A3956D46DE8}") = "Solution Items", "Solution Items", "{EFE4AB2C-D4EC-465F-B35D-C5A46616276A}"
	ProjectSection(SolutionItems) = preProject
		.editorconfig = .editorconfig
	EndProjectSection
EndProject
Global
	GlobalSection(SolutionConfigurationPlatforms) = preSolution
		Debug|Any CPU = Debug|Any CPU
		Release|Any CPU = Release|Any CPU
		TraceAlloc|Any CPU = TraceAlloc|Any CPU
	EndGlobalSection
	GlobalSection(ProjectConfigurationPlatforms) = postSolution
		{69BFB4F7-3036-4BB5-BF28-BF5BCE01937E}.Debug|Any CPU.ActiveCfg = Debug|Any CPU
		{69BFB4F7-3036-4BB5-BF28-BF5BCE01937E}.Debug|Any CPU.Build.0 = Debug|Any CPU
		{69BFB4F7-3036-4BB5-BF28-BF5BCE01937E}.Release|Any CPU.ActiveCfg = Release|Any CPU
		{69BFB4F7-3036-4BB5-BF28-BF5BCE01937E}.Release|Any CPU.Build.0 = Release|Any CPU
		{69BFB4F7-3036-4BB5-BF28-BF5BCE01937E}.TraceAlloc|Any CPU.ActiveCfg = Release|Any CPU
		{69BFB4F7-3036-4BB5-BF28-BF5BCE01937E}.TraceAlloc|Any CPU.Build.0 = Release|Any CPU
	EndGlobalSection
	GlobalSection(SolutionProperties) = preSolution
		HideSolutionNode = FALSE
	EndGlobalSection
	GlobalSection(ExtensibilityGlobals) = postSolution
		SolutionGuid = {FE5059D7-0525-4F4B-A2D7-831C2DA05565}
	EndGlobalSection
EndGlobal
